PODS:
  - KVOController (1.2.0)
  - MBProgressHUD (1.2.0)
  - MJRefresh (3.5.0)
  - SDWebImage (5.10.0):
    - SDWebImage/Core (= 5.10.0)
  - SDWebImage/Core (5.10.0)
  - SnapKit (5.0.1)
  - SwiftyStoreKit (0.16.1)

DEPENDENCIES:
  - KVOController
  - MBProgressHUD
  - MJRefresh
  - SDWebImage
  - SnapKit
  - SwiftyStoreKit

SPEC REPOS:
  https://github.com/CocoaPods/Specs.git:
    - KVOController
    - MBProgressHUD
    - MJRefresh
    - SDWebImage
    - SnapKit
    - SwiftyStoreKit

SPEC CHECKSUMS:
  KVOController: d72ace34afea42468329623b3379ab3cd1d286b6
  MBProgressHUD: 3ee5efcc380f6a79a7cc9b363dd669c5e1ae7406
  MJRefresh: 6afc955813966afb08305477dd7a0d9ad5e79a16
  SDWebImage: 9169792e9eec3e45bba2a0c02f74bf8bd922d1ee
  SnapKit: 97b92857e3df3a0c71833cce143274bf6ef8e5eb
  SwiftyStoreKit: 6b9c08810269f030586dac1fae8e75871a82e84a

PODFILE CHECKSUM: 21085b3c930f35420c79ab08379e6764ef0f5b35

COCOAPODS: 1.10.0
