// !$*UTF8*$!
{
	archiveVersion = 1;
	classes = {
	};
	objectVersion = 51;
	objects = {

/* Begin PBXBuildFile section */
		87E624CE1A12435BF319238A /* libPods-JuWan.a in Frameworks */ = {isa = PBXBuildFile; fileRef = 7E0FDB650050D0AD0ECC30E5 /* libPods-JuWan.a */; };
		C50E129C25BEA642008321FC /* GameUserInfoConfig.swift in Sources */ = {isa = PBXBuildFile; fileRef = C50E129B25BEA642008321FC /* GameUserInfoConfig.swift */; };
		C50E129F25BEB3B8008321FC /* BPYWebViewController.swift in Sources */ = {isa = PBXBuildFile; fileRef = C50E129E25BEB3B8008321FC /* BPYWebViewController.swift */; };
		C523503525B91EFA005B637B /* Game2048ThemeDialViewController.swift in Sources */ = {isa = PBXBuildFile; fileRef = C523503425B91EFA005B637B /* Game2048ThemeDialViewController.swift */; };
		C523504025B945D8005B637B /* StoreKit.framework in Frameworks */ = {isa = PBXBuildFile; fileRef = C523503F25B945D8005B637B /* StoreKit.framework */; };
		C5251FDD258C36AC00793392 /* AppDelegate.swift in Sources */ = {isa = PBXBuildFile; fileRef = C5251FDC258C36AC00793392 /* AppDelegate.swift */; };
		C5251FDF258C36AC00793392 /* SceneDelegate.swift in Sources */ = {isa = PBXBuildFile; fileRef = C5251FDE258C36AC00793392 /* SceneDelegate.swift */; };
		C5251FE6258C36B000793392 /* Assets.xcassets in Resources */ = {isa = PBXBuildFile; fileRef = C5251FE5258C36B000793392 /* Assets.xcassets */; };
		C5251FE9258C36B000793392 /* LaunchScreen.storyboard in Resources */ = {isa = PBXBuildFile; fileRef = C5251FE7258C36B000793392 /* LaunchScreen.storyboard */; };
		C5252013258C3E7E00793392 /* HomeViewController.swift in Sources */ = {isa = PBXBuildFile; fileRef = C5252012258C3E7E00793392 /* HomeViewController.swift */; };
		C5252016258C3EC200793392 /* XZNavigationController.swift in Sources */ = {isa = PBXBuildFile; fileRef = C5252015258C3EC200793392 /* XZNavigationController.swift */; };
		C525207D258C3F1500793392 /* LDTipAlertView.m in Sources */ = {isa = PBXBuildFile; fileRef = C5252026258C3F1000793392 /* LDTipAlertView.m */; };
		C5252081258C3F1500793392 /* MBProgressHUD+ITTAdditions.m in Sources */ = {isa = PBXBuildFile; fileRef = C525202F258C3F1000793392 /* MBProgressHUD+ITTAdditions.m */; };
		C5252082258C3F1500793392 /* HistTestSlop.swift in Sources */ = {isa = PBXBuildFile; fileRef = C5252030258C3F1000793392 /* HistTestSlop.swift */; };
		C5252083258C3F1500793392 /* Date+Extension.swift in Sources */ = {isa = PBXBuildFile; fileRef = C5252031258C3F1000793392 /* Date+Extension.swift */; };
		C5252084258C3F1500793392 /* Client.swift in Sources */ = {isa = PBXBuildFile; fileRef = C5252032258C3F1100793392 /* Client.swift */; };
		C5252087258C3F1500793392 /* UITableView+Extension.swift in Sources */ = {isa = PBXBuildFile; fileRef = C5252039258C3F1100793392 /* UITableView+Extension.swift */; };
		C5252088258C3F1500793392 /* UIColor+Create.swift in Sources */ = {isa = PBXBuildFile; fileRef = C525203B258C3F1100793392 /* UIColor+Create.swift */; };
		C5252090258C3F1500793392 /* Defines.swift in Sources */ = {isa = PBXBuildFile; fileRef = C5252046258C3F1300793392 /* Defines.swift */; };
		C5252097258C3F1500793392 /* DatePicker.swift in Sources */ = {isa = PBXBuildFile; fileRef = C5252055258C3F1400793392 /* DatePicker.swift */; };
		C52520A0258C3F1500793392 /* UIViewController+Extension.swift in Sources */ = {isa = PBXBuildFile; fileRef = C5252061258C3F1500793392 /* UIViewController+Extension.swift */; };
		C52520A1258C3F1500793392 /* Defaults.swift in Sources */ = {isa = PBXBuildFile; fileRef = C5252063258C3F1500793392 /* Defaults.swift */; };
		C52520CC258C7A0B00793392 /* HomeCardView.swift in Sources */ = {isa = PBXBuildFile; fileRef = C52520CB258C7A0B00793392 /* HomeCardView.swift */; };
		C52520D2258C825500793392 /* AuxiliaryModels.swift in Sources */ = {isa = PBXBuildFile; fileRef = C52520D0258C825500793392 /* AuxiliaryModels.swift */; };
		C52520D3258C825500793392 /* GameModel.swift in Sources */ = {isa = PBXBuildFile; fileRef = C52520D1258C825500793392 /* GameModel.swift */; };
		C52520D9258C827400793392 /* GameboardView.swift in Sources */ = {isa = PBXBuildFile; fileRef = C52520D6258C827300793392 /* GameboardView.swift */; };
		C52520DA258C827400793392 /* TileView.swift in Sources */ = {isa = PBXBuildFile; fileRef = C52520D7258C827300793392 /* TileView.swift */; };
		C52520DE258C829D00793392 /* AppearanceProvider.swift in Sources */ = {isa = PBXBuildFile; fileRef = C52520DD258C829D00793392 /* AppearanceProvider.swift */; };
		C52520E4258C853B00793392 /* Play2048ViewController.swift in Sources */ = {isa = PBXBuildFile; fileRef = C52520E3258C853B00793392 /* Play2048ViewController.swift */; };
		C525212C2592F63D00793392 /* GameKit.framework in Frameworks */ = {isa = PBXBuildFile; fileRef = C525212B2592F63D00793392 /* GameKit.framework */; };
		C54A1D7A25C7913D007A23A0 /* MainViewController.swift in Sources */ = {isa = PBXBuildFile; fileRef = C54A1D7925C7913D007A23A0 /* MainViewController.swift */; };
		C54A1D7E25C79841007A23A0 /* WatermelonViewController.swift in Sources */ = {isa = PBXBuildFile; fileRef = C54A1D7D25C79841007A23A0 /* WatermelonViewController.swift */; };
		C54A1D8225C79BA7007A23A0 /* PlayWatermelonViewController.swift in Sources */ = {isa = PBXBuildFile; fileRef = C54A1D8125C79BA7007A23A0 /* PlayWatermelonViewController.swift */; };
		C554AC4125B13AF3000CB32B /* SwiftHEXColors.swift in Sources */ = {isa = PBXBuildFile; fileRef = C554AC4025B13AF3000CB32B /* SwiftHEXColors.swift */; };
		C560179625C25C99004842C6 /* WithoutAuthorizationView.swift in Sources */ = {isa = PBXBuildFile; fileRef = C560179525C25C99004842C6 /* WithoutAuthorizationView.swift */; };
		C560179925C2629C004842C6 /* HelpViewController.swift in Sources */ = {isa = PBXBuildFile; fileRef = C560179825C2629C004842C6 /* HelpViewController.swift */; };
		C56017A325C3A86A004842C6 /* ContentView.swift in Sources */ = {isa = PBXBuildFile; fileRef = C56017A225C3A86A004842C6 /* ContentView.swift */; };
		C56017A925C3A892004842C6 /* GameScene.swift in Sources */ = {isa = PBXBuildFile; fileRef = C56017A525C3A892004842C6 /* GameScene.swift */; };
		C56017AA25C3A892004842C6 /* AudioUtil.swift in Sources */ = {isa = PBXBuildFile; fileRef = C56017A625C3A892004842C6 /* AudioUtil.swift */; };
		C56017AB25C3A892004842C6 /* FruitTexture.swift in Sources */ = {isa = PBXBuildFile; fileRef = C56017A725C3A892004842C6 /* FruitTexture.swift */; };
		C56017AC25C3A892004842C6 /* FruitSlot.swift in Sources */ = {isa = PBXBuildFile; fileRef = C56017A825C3A892004842C6 /* FruitSlot.swift */; };
		C56017B325C3A8EE004842C6 /* win.mp3 in Resources */ = {isa = PBXBuildFile; fileRef = C56017B025C3A8EE004842C6 /* win.mp3 */; };
		C56017B425C3A8EE004842C6 /* falldown.mp3 in Resources */ = {isa = PBXBuildFile; fileRef = C56017B125C3A8EE004842C6 /* falldown.mp3 */; };
		C56017B525C3A8EE004842C6 /* bomb.mp3 in Resources */ = {isa = PBXBuildFile; fileRef = C56017B225C3A8EE004842C6 /* bomb.mp3 */; };
		C56017D825C3A908004842C6 /* peach.png in Resources */ = {isa = PBXBuildFile; fileRef = C56017B925C3A907004842C6 /* peach.png */; };
		C56017D925C3A908004842C6 /* pineapple.png in Resources */ = {isa = PBXBuildFile; fileRef = C56017BA25C3A907004842C6 /* pineapple.png */; };
		C56017DA25C3A908004842C6 /* tomato.png in Resources */ = {isa = PBXBuildFile; fileRef = C56017BB25C3A907004842C6 /* tomato.png */; };
		C56017DB25C3A908004842C6 /* grape.png in Resources */ = {isa = PBXBuildFile; fileRef = C56017BC25C3A907004842C6 /* grape.png */; };
		C56017DC25C3A908004842C6 /* watermelon.png in Resources */ = {isa = PBXBuildFile; fileRef = C56017BD25C3A907004842C6 /* watermelon.png */; };
		C56017DD25C3A908004842C6 /* cherry.png in Resources */ = {isa = PBXBuildFile; fileRef = C56017BE25C3A907004842C6 /* cherry.png */; };
		C56017DE25C3A908004842C6 /* orange.png in Resources */ = {isa = PBXBuildFile; fileRef = C56017BF25C3A907004842C6 /* orange.png */; };
		C56017DF25C3A908004842C6 /* cocount.png in Resources */ = {isa = PBXBuildFile; fileRef = C56017C025C3A907004842C6 /* cocount.png */; };
		C56017E025C3A908004842C6 /* lemon.png in Resources */ = {isa = PBXBuildFile; fileRef = C56017C125C3A907004842C6 /* lemon.png */; };
		C56017E125C3A908004842C6 /* kiwi.png in Resources */ = {isa = PBXBuildFile; fileRef = C56017C225C3A907004842C6 /* kiwi.png */; };
		C56017E225C3A908004842C6 /* halfwatermelon.png in Resources */ = {isa = PBXBuildFile; fileRef = C56017C325C3A907004842C6 /* halfwatermelon.png */; };
		C56017E325C3A908004842C6 /* 8.png in Resources */ = {isa = PBXBuildFile; fileRef = C56017C525C3A908004842C6 /* 8.png */; };
		C56017E425C3A908004842C6 /* 9.png in Resources */ = {isa = PBXBuildFile; fileRef = C56017C625C3A908004842C6 /* 9.png */; };
		C56017E525C3A908004842C6 /* 4.png in Resources */ = {isa = PBXBuildFile; fileRef = C56017C725C3A908004842C6 /* 4.png */; };
		C56017E625C3A908004842C6 /* 5.png in Resources */ = {isa = PBXBuildFile; fileRef = C56017C825C3A908004842C6 /* 5.png */; };
		C56017E725C3A908004842C6 /* 7.png in Resources */ = {isa = PBXBuildFile; fileRef = C56017C925C3A908004842C6 /* 7.png */; };
		C56017E825C3A908004842C6 /* 6.png in Resources */ = {isa = PBXBuildFile; fileRef = C56017CA25C3A908004842C6 /* 6.png */; };
		C56017E925C3A908004842C6 /* 2.png in Resources */ = {isa = PBXBuildFile; fileRef = C56017CB25C3A908004842C6 /* 2.png */; };
		C56017EA25C3A908004842C6 /* 3.png in Resources */ = {isa = PBXBuildFile; fileRef = C56017CC25C3A908004842C6 /* 3.png */; };
		C56017EB25C3A908004842C6 /* 1.png in Resources */ = {isa = PBXBuildFile; fileRef = C56017CD25C3A908004842C6 /* 1.png */; };
		C56017EC25C3A908004842C6 /* 0.png in Resources */ = {isa = PBXBuildFile; fileRef = C56017CE25C3A908004842C6 /* 0.png */; };
		C57F72B825B1494A00FC0198 /* UserViewController.swift in Sources */ = {isa = PBXBuildFile; fileRef = C57F72B725B1494A00FC0198 /* UserViewController.swift */; };
		C57F72BB25B14AB700FC0198 /* LeftTitleTableViewCell.swift in Sources */ = {isa = PBXBuildFile; fileRef = C57F72BA25B14AB700FC0198 /* LeftTitleTableViewCell.swift */; };
		C59470BA25B5187D009C1F35 /* GameDecorateConfig.swift in Sources */ = {isa = PBXBuildFile; fileRef = C59470B925B5187D009C1F35 /* GameDecorateConfig.swift */; };
		C59470C725B52229009C1F35 /* CDFlowLayout.swift in Sources */ = {isa = PBXBuildFile; fileRef = C59470C525B52228009C1F35 /* CDFlowLayout.swift */; };
		C59470C825B52229009C1F35 /* CDViewCell.swift in Sources */ = {isa = PBXBuildFile; fileRef = C59470C625B52229009C1F35 /* CDViewCell.swift */; };
		C59470CB25B52308009C1F35 /* Game2048ThemeSettingViewController.swift in Sources */ = {isa = PBXBuildFile; fileRef = C59470CA25B52308009C1F35 /* Game2048ThemeSettingViewController.swift */; };
		C5BFF92A25AE8AF800C66424 /* RankListTableViewCell.swift in Sources */ = {isa = PBXBuildFile; fileRef = C5BFF92925AE8AF800C66424 /* RankListTableViewCell.swift */; };
/* End PBXBuildFile section */

/* Begin PBXFileReference section */
		7C1EC16AE261FC9A43693EFE /* Pods-JuWan.release.xcconfig */ = {isa = PBXFileReference; includeInIndex = 1; lastKnownFileType = text.xcconfig; name = "Pods-JuWan.release.xcconfig"; path = "Target Support Files/Pods-JuWan/Pods-JuWan.release.xcconfig"; sourceTree = "<group>"; };
		7E0FDB650050D0AD0ECC30E5 /* libPods-JuWan.a */ = {isa = PBXFileReference; explicitFileType = archive.ar; includeInIndex = 0; path = "libPods-JuWan.a"; sourceTree = BUILT_PRODUCTS_DIR; };
		A8C27D339610B69BB212B42A /* Pods-JuWan.debug.xcconfig */ = {isa = PBXFileReference; includeInIndex = 1; lastKnownFileType = text.xcconfig; name = "Pods-JuWan.debug.xcconfig"; path = "Target Support Files/Pods-JuWan/Pods-JuWan.debug.xcconfig"; sourceTree = "<group>"; };
		C50E129B25BEA642008321FC /* GameUserInfoConfig.swift */ = {isa = PBXFileReference; lastKnownFileType = sourcecode.swift; path = GameUserInfoConfig.swift; sourceTree = "<group>"; };
		C50E129E25BEB3B8008321FC /* BPYWebViewController.swift */ = {isa = PBXFileReference; fileEncoding = 4; lastKnownFileType = sourcecode.swift; path = BPYWebViewController.swift; sourceTree = "<group>"; };
		C523503425B91EFA005B637B /* Game2048ThemeDialViewController.swift */ = {isa = PBXFileReference; lastKnownFileType = sourcecode.swift; path = Game2048ThemeDialViewController.swift; sourceTree = "<group>"; };
		C523503F25B945D8005B637B /* StoreKit.framework */ = {isa = PBXFileReference; lastKnownFileType = wrapper.framework; name = StoreKit.framework; path = System/Library/Frameworks/StoreKit.framework; sourceTree = SDKROOT; };
		C5251FD9258C36AC00793392 /* JuWan.app */ = {isa = PBXFileReference; explicitFileType = wrapper.application; includeInIndex = 0; path = JuWan.app; sourceTree = BUILT_PRODUCTS_DIR; };
		C5251FDC258C36AC00793392 /* AppDelegate.swift */ = {isa = PBXFileReference; lastKnownFileType = sourcecode.swift; path = AppDelegate.swift; sourceTree = "<group>"; };
		C5251FDE258C36AC00793392 /* SceneDelegate.swift */ = {isa = PBXFileReference; lastKnownFileType = sourcecode.swift; path = SceneDelegate.swift; sourceTree = "<group>"; };
		C5251FE5258C36B000793392 /* Assets.xcassets */ = {isa = PBXFileReference; lastKnownFileType = folder.assetcatalog; path = Assets.xcassets; sourceTree = "<group>"; };
		C5251FE8258C36B000793392 /* Base */ = {isa = PBXFileReference; lastKnownFileType = file.storyboard; name = Base; path = Base.lproj/LaunchScreen.storyboard; sourceTree = "<group>"; };
		C5251FEA258C36B000793392 /* Info.plist */ = {isa = PBXFileReference; lastKnownFileType = text.plist.xml; path = Info.plist; sourceTree = "<group>"; };
		C5252012258C3E7E00793392 /* HomeViewController.swift */ = {isa = PBXFileReference; lastKnownFileType = sourcecode.swift; path = HomeViewController.swift; sourceTree = "<group>"; };
		C5252015258C3EC200793392 /* XZNavigationController.swift */ = {isa = PBXFileReference; lastKnownFileType = sourcecode.swift; path = XZNavigationController.swift; sourceTree = "<group>"; };
		C5252018258C3F0F00793392 /* JuWan-Bridging-Header.h */ = {isa = PBXFileReference; lastKnownFileType = sourcecode.c.h; path = "JuWan-Bridging-Header.h"; sourceTree = "<group>"; };
		C5252026258C3F1000793392 /* LDTipAlertView.m */ = {isa = PBXFileReference; fileEncoding = 4; lastKnownFileType = sourcecode.c.objc; path = LDTipAlertView.m; sourceTree = "<group>"; };
		C525202F258C3F1000793392 /* MBProgressHUD+ITTAdditions.m */ = {isa = PBXFileReference; fileEncoding = 4; lastKnownFileType = sourcecode.c.objc; path = "MBProgressHUD+ITTAdditions.m"; sourceTree = "<group>"; };
		C5252030258C3F1000793392 /* HistTestSlop.swift */ = {isa = PBXFileReference; fileEncoding = 4; lastKnownFileType = sourcecode.swift; path = HistTestSlop.swift; sourceTree = "<group>"; };
		C5252031258C3F1000793392 /* Date+Extension.swift */ = {isa = PBXFileReference; fileEncoding = 4; lastKnownFileType = sourcecode.swift; path = "Date+Extension.swift"; sourceTree = "<group>"; };
		C5252032258C3F1100793392 /* Client.swift */ = {isa = PBXFileReference; fileEncoding = 4; lastKnownFileType = sourcecode.swift; path = Client.swift; sourceTree = "<group>"; };
		C5252039258C3F1100793392 /* UITableView+Extension.swift */ = {isa = PBXFileReference; fileEncoding = 4; lastKnownFileType = sourcecode.swift; path = "UITableView+Extension.swift"; sourceTree = "<group>"; };
		C525203B258C3F1100793392 /* UIColor+Create.swift */ = {isa = PBXFileReference; fileEncoding = 4; lastKnownFileType = sourcecode.swift; path = "UIColor+Create.swift"; sourceTree = "<group>"; };
		C5252046258C3F1300793392 /* Defines.swift */ = {isa = PBXFileReference; fileEncoding = 4; lastKnownFileType = sourcecode.swift; path = Defines.swift; sourceTree = "<group>"; };
		C5252047258C3F1300793392 /* LDTipAlertView.h */ = {isa = PBXFileReference; fileEncoding = 4; lastKnownFileType = sourcecode.c.h; path = LDTipAlertView.h; sourceTree = "<group>"; };
		C5252055258C3F1400793392 /* DatePicker.swift */ = {isa = PBXFileReference; fileEncoding = 4; lastKnownFileType = sourcecode.swift; path = DatePicker.swift; sourceTree = "<group>"; };
		C5252061258C3F1500793392 /* UIViewController+Extension.swift */ = {isa = PBXFileReference; fileEncoding = 4; lastKnownFileType = sourcecode.swift; path = "UIViewController+Extension.swift"; sourceTree = "<group>"; };
		C5252062258C3F1500793392 /* MBProgressHUD+ITTAdditions.h */ = {isa = PBXFileReference; fileEncoding = 4; lastKnownFileType = sourcecode.c.h; path = "MBProgressHUD+ITTAdditions.h"; sourceTree = "<group>"; };
		C5252063258C3F1500793392 /* Defaults.swift */ = {isa = PBXFileReference; fileEncoding = 4; lastKnownFileType = sourcecode.swift; path = Defaults.swift; sourceTree = "<group>"; };
		C52520CB258C7A0B00793392 /* HomeCardView.swift */ = {isa = PBXFileReference; lastKnownFileType = sourcecode.swift; path = HomeCardView.swift; sourceTree = "<group>"; };
		C52520D0258C825500793392 /* AuxiliaryModels.swift */ = {isa = PBXFileReference; fileEncoding = 4; lastKnownFileType = sourcecode.swift; path = AuxiliaryModels.swift; sourceTree = "<group>"; };
		C52520D1258C825500793392 /* GameModel.swift */ = {isa = PBXFileReference; fileEncoding = 4; lastKnownFileType = sourcecode.swift; path = GameModel.swift; sourceTree = "<group>"; };
		C52520D6258C827300793392 /* GameboardView.swift */ = {isa = PBXFileReference; fileEncoding = 4; lastKnownFileType = sourcecode.swift; path = GameboardView.swift; sourceTree = "<group>"; };
		C52520D7258C827300793392 /* TileView.swift */ = {isa = PBXFileReference; fileEncoding = 4; lastKnownFileType = sourcecode.swift; path = TileView.swift; sourceTree = "<group>"; };
		C52520DD258C829D00793392 /* AppearanceProvider.swift */ = {isa = PBXFileReference; fileEncoding = 4; lastKnownFileType = sourcecode.swift; path = AppearanceProvider.swift; sourceTree = "<group>"; };
		C52520E3258C853B00793392 /* Play2048ViewController.swift */ = {isa = PBXFileReference; lastKnownFileType = sourcecode.swift; path = Play2048ViewController.swift; sourceTree = "<group>"; };
		C525212B2592F63D00793392 /* GameKit.framework */ = {isa = PBXFileReference; lastKnownFileType = wrapper.framework; name = GameKit.framework; path = System/Library/Frameworks/GameKit.framework; sourceTree = SDKROOT; };
		C54A1D7925C7913D007A23A0 /* MainViewController.swift */ = {isa = PBXFileReference; lastKnownFileType = sourcecode.swift; path = MainViewController.swift; sourceTree = "<group>"; };
		C54A1D7D25C79841007A23A0 /* WatermelonViewController.swift */ = {isa = PBXFileReference; lastKnownFileType = sourcecode.swift; path = WatermelonViewController.swift; sourceTree = "<group>"; };
		C54A1D8125C79BA7007A23A0 /* PlayWatermelonViewController.swift */ = {isa = PBXFileReference; lastKnownFileType = sourcecode.swift; path = PlayWatermelonViewController.swift; sourceTree = "<group>"; };
		C554AC4025B13AF3000CB32B /* SwiftHEXColors.swift */ = {isa = PBXFileReference; fileEncoding = 4; lastKnownFileType = sourcecode.swift; path = SwiftHEXColors.swift; sourceTree = "<group>"; };
		C560179525C25C99004842C6 /* WithoutAuthorizationView.swift */ = {isa = PBXFileReference; lastKnownFileType = sourcecode.swift; path = WithoutAuthorizationView.swift; sourceTree = "<group>"; };
		C560179825C2629C004842C6 /* HelpViewController.swift */ = {isa = PBXFileReference; lastKnownFileType = sourcecode.swift; path = HelpViewController.swift; sourceTree = "<group>"; };
		C56017A225C3A86A004842C6 /* ContentView.swift */ = {isa = PBXFileReference; fileEncoding = 4; lastKnownFileType = sourcecode.swift; path = ContentView.swift; sourceTree = "<group>"; };
		C56017A525C3A892004842C6 /* GameScene.swift */ = {isa = PBXFileReference; fileEncoding = 4; lastKnownFileType = sourcecode.swift; path = GameScene.swift; sourceTree = "<group>"; };
		C56017A625C3A892004842C6 /* AudioUtil.swift */ = {isa = PBXFileReference; fileEncoding = 4; lastKnownFileType = sourcecode.swift; path = AudioUtil.swift; sourceTree = "<group>"; };
		C56017A725C3A892004842C6 /* FruitTexture.swift */ = {isa = PBXFileReference; fileEncoding = 4; lastKnownFileType = sourcecode.swift; path = FruitTexture.swift; sourceTree = "<group>"; };
		C56017A825C3A892004842C6 /* FruitSlot.swift */ = {isa = PBXFileReference; fileEncoding = 4; lastKnownFileType = sourcecode.swift; path = FruitSlot.swift; sourceTree = "<group>"; };
		C56017B025C3A8EE004842C6 /* win.mp3 */ = {isa = PBXFileReference; lastKnownFileType = audio.mp3; path = win.mp3; sourceTree = "<group>"; };
		C56017B125C3A8EE004842C6 /* falldown.mp3 */ = {isa = PBXFileReference; lastKnownFileType = audio.mp3; path = falldown.mp3; sourceTree = "<group>"; };
		C56017B225C3A8EE004842C6 /* bomb.mp3 */ = {isa = PBXFileReference; lastKnownFileType = audio.mp3; path = bomb.mp3; sourceTree = "<group>"; };
		C56017B925C3A907004842C6 /* peach.png */ = {isa = PBXFileReference; lastKnownFileType = image.png; path = peach.png; sourceTree = "<group>"; };
		C56017BA25C3A907004842C6 /* pineapple.png */ = {isa = PBXFileReference; lastKnownFileType = image.png; path = pineapple.png; sourceTree = "<group>"; };
		C56017BB25C3A907004842C6 /* tomato.png */ = {isa = PBXFileReference; lastKnownFileType = image.png; path = tomato.png; sourceTree = "<group>"; };
		C56017BC25C3A907004842C6 /* grape.png */ = {isa = PBXFileReference; lastKnownFileType = image.png; path = grape.png; sourceTree = "<group>"; };
		C56017BD25C3A907004842C6 /* watermelon.png */ = {isa = PBXFileReference; lastKnownFileType = image.png; path = watermelon.png; sourceTree = "<group>"; };
		C56017BE25C3A907004842C6 /* cherry.png */ = {isa = PBXFileReference; lastKnownFileType = image.png; path = cherry.png; sourceTree = "<group>"; };
		C56017BF25C3A907004842C6 /* orange.png */ = {isa = PBXFileReference; lastKnownFileType = image.png; path = orange.png; sourceTree = "<group>"; };
		C56017C025C3A907004842C6 /* cocount.png */ = {isa = PBXFileReference; lastKnownFileType = image.png; path = cocount.png; sourceTree = "<group>"; };
		C56017C125C3A907004842C6 /* lemon.png */ = {isa = PBXFileReference; lastKnownFileType = image.png; path = lemon.png; sourceTree = "<group>"; };
		C56017C225C3A907004842C6 /* kiwi.png */ = {isa = PBXFileReference; lastKnownFileType = image.png; path = kiwi.png; sourceTree = "<group>"; };
		C56017C325C3A907004842C6 /* halfwatermelon.png */ = {isa = PBXFileReference; lastKnownFileType = image.png; path = halfwatermelon.png; sourceTree = "<group>"; };
		C56017C525C3A908004842C6 /* 8.png */ = {isa = PBXFileReference; lastKnownFileType = image.png; path = 8.png; sourceTree = "<group>"; };
		C56017C625C3A908004842C6 /* 9.png */ = {isa = PBXFileReference; lastKnownFileType = image.png; path = 9.png; sourceTree = "<group>"; };
		C56017C725C3A908004842C6 /* 4.png */ = {isa = PBXFileReference; lastKnownFileType = image.png; path = 4.png; sourceTree = "<group>"; };
		C56017C825C3A908004842C6 /* 5.png */ = {isa = PBXFileReference; lastKnownFileType = image.png; path = 5.png; sourceTree = "<group>"; };
		C56017C925C3A908004842C6 /* 7.png */ = {isa = PBXFileReference; lastKnownFileType = image.png; path = 7.png; sourceTree = "<group>"; };
		C56017CA25C3A908004842C6 /* 6.png */ = {isa = PBXFileReference; lastKnownFileType = image.png; path = 6.png; sourceTree = "<group>"; };
		C56017CB25C3A908004842C6 /* 2.png */ = {isa = PBXFileReference; lastKnownFileType = image.png; path = 2.png; sourceTree = "<group>"; };
		C56017CC25C3A908004842C6 /* 3.png */ = {isa = PBXFileReference; lastKnownFileType = image.png; path = 3.png; sourceTree = "<group>"; };
		C56017CD25C3A908004842C6 /* 1.png */ = {isa = PBXFileReference; lastKnownFileType = image.png; path = 1.png; sourceTree = "<group>"; };
		C56017CE25C3A908004842C6 /* 0.png */ = {isa = PBXFileReference; lastKnownFileType = image.png; path = 0.png; sourceTree = "<group>"; };
		C57F72B725B1494A00FC0198 /* UserViewController.swift */ = {isa = PBXFileReference; lastKnownFileType = sourcecode.swift; path = UserViewController.swift; sourceTree = "<group>"; };
		C57F72BA25B14AB700FC0198 /* LeftTitleTableViewCell.swift */ = {isa = PBXFileReference; lastKnownFileType = sourcecode.swift; path = LeftTitleTableViewCell.swift; sourceTree = "<group>"; };
		C59470B925B5187D009C1F35 /* GameDecorateConfig.swift */ = {isa = PBXFileReference; lastKnownFileType = sourcecode.swift; path = GameDecorateConfig.swift; sourceTree = "<group>"; };
		C59470C525B52228009C1F35 /* CDFlowLayout.swift */ = {isa = PBXFileReference; fileEncoding = 4; lastKnownFileType = sourcecode.swift; path = CDFlowLayout.swift; sourceTree = "<group>"; };
		C59470C625B52229009C1F35 /* CDViewCell.swift */ = {isa = PBXFileReference; fileEncoding = 4; lastKnownFileType = sourcecode.swift; path = CDViewCell.swift; sourceTree = "<group>"; };
		C59470CA25B52308009C1F35 /* Game2048ThemeSettingViewController.swift */ = {isa = PBXFileReference; lastKnownFileType = sourcecode.swift; path = Game2048ThemeSettingViewController.swift; sourceTree = "<group>"; };
		C5BFF92925AE8AF800C66424 /* RankListTableViewCell.swift */ = {isa = PBXFileReference; lastKnownFileType = sourcecode.swift; path = RankListTableViewCell.swift; sourceTree = "<group>"; };
/* End PBXFileReference section */

/* Begin PBXFrameworksBuildPhase section */
		C5251FD6258C36AC00793392 /* Frameworks */ = {
			isa = PBXFrameworksBuildPhase;
			buildActionMask = 2147483647;
			files = (
				C523504025B945D8005B637B /* StoreKit.framework in Frameworks */,
				87E624CE1A12435BF319238A /* libPods-JuWan.a in Frameworks */,
				C525212C2592F63D00793392 /* GameKit.framework in Frameworks */,
			);
			runOnlyForDeploymentPostprocessing = 0;
		};
/* End PBXFrameworksBuildPhase section */

/* Begin PBXGroup section */
		10AC65D0E15E14966B32CB4A /* Pods */ = {
			isa = PBXGroup;
			children = (
				A8C27D339610B69BB212B42A /* Pods-JuWan.debug.xcconfig */,
				7C1EC16AE261FC9A43693EFE /* Pods-JuWan.release.xcconfig */,
			);
			path = Pods;
			sourceTree = "<group>";
		};
		24578945E3B71648E98BCCFF /* Frameworks */ = {
			isa = PBXGroup;
			children = (
				C523503F25B945D8005B637B /* StoreKit.framework */,
				C525212B2592F63D00793392 /* GameKit.framework */,
				7E0FDB650050D0AD0ECC30E5 /* libPods-JuWan.a */,
			);
			name = Frameworks;
			sourceTree = "<group>";
		};
		C5251FD0258C36AC00793392 = {
			isa = PBXGroup;
			children = (
				C5252006258C3B8A00793392 /* Util */,
				C56017B725C3A907004842C6 /* Data Assets */,
				C56017AF25C3A8EE004842C6 /* Sounds */,
				C5252005258C3B7100793392 /* Model */,
				C5252004258C3B6500793392 /* View */,
				C5252003258C3B4500793392 /* Controller */,
				C5251FDB258C36AC00793392 /* JuWan */,
				C5251FDA258C36AC00793392 /* Products */,
				10AC65D0E15E14966B32CB4A /* Pods */,
				24578945E3B71648E98BCCFF /* Frameworks */,
			);
			sourceTree = "<group>";
		};
		C5251FDA258C36AC00793392 /* Products */ = {
			isa = PBXGroup;
			children = (
				C5251FD9258C36AC00793392 /* JuWan.app */,
			);
			name = Products;
			sourceTree = "<group>";
		};
		C5251FDB258C36AC00793392 /* JuWan */ = {
			isa = PBXGroup;
			children = (
				C5251FDC258C36AC00793392 /* AppDelegate.swift */,
				C5251FDE258C36AC00793392 /* SceneDelegate.swift */,
				C5252018258C3F0F00793392 /* JuWan-Bridging-Header.h */,
				C5251FE5258C36B000793392 /* Assets.xcassets */,
				C5251FE7258C36B000793392 /* LaunchScreen.storyboard */,
				C5251FEA258C36B000793392 /* Info.plist */,
			);
			path = JuWan;
			sourceTree = "<group>";
		};
		C5252003258C3B4500793392 /* Controller */ = {
			isa = PBXGroup;
			children = (
				C56017A225C3A86A004842C6 /* ContentView.swift */,
				C56017A625C3A892004842C6 /* AudioUtil.swift */,
				C56017A825C3A892004842C6 /* FruitSlot.swift */,
				C56017A725C3A892004842C6 /* FruitTexture.swift */,
				C56017A525C3A892004842C6 /* GameScene.swift */,
				C54A1D7925C7913D007A23A0 /* MainViewController.swift */,
				C5252012258C3E7E00793392 /* HomeViewController.swift */,
				C54A1D7D25C79841007A23A0 /* WatermelonViewController.swift */,
				C54A1D8125C79BA7007A23A0 /* PlayWatermelonViewController.swift */,
				C52520E3258C853B00793392 /* Play2048ViewController.swift */,
				C5252015258C3EC200793392 /* XZNavigationController.swift */,
				C57F72B725B1494A00FC0198 /* UserViewController.swift */,
				C59470CA25B52308009C1F35 /* Game2048ThemeSettingViewController.swift */,
				C523503425B91EFA005B637B /* Game2048ThemeDialViewController.swift */,
				C50E129E25BEB3B8008321FC /* BPYWebViewController.swift */,
				C560179825C2629C004842C6 /* HelpViewController.swift */,
			);
			path = Controller;
			sourceTree = "<group>";
		};
		C5252004258C3B6500793392 /* View */ = {
			isa = PBXGroup;
			children = (
				C52520D5258C826300793392 /* ShuHe */,
				C52520CB258C7A0B00793392 /* HomeCardView.swift */,
				C5BFF92925AE8AF800C66424 /* RankListTableViewCell.swift */,
				C57F72BA25B14AB700FC0198 /* LeftTitleTableViewCell.swift */,
				C560179525C25C99004842C6 /* WithoutAuthorizationView.swift */,
			);
			path = View;
			sourceTree = "<group>";
		};
		C5252005258C3B7100793392 /* Model */ = {
			isa = PBXGroup;
			children = (
				C52520CF258C824900793392 /* 2048 */,
			);
			path = Model;
			sourceTree = "<group>";
		};
		C5252006258C3B8A00793392 /* Util */ = {
			isa = PBXGroup;
			children = (
				C525203A258C3F1100793392 /* UIColor */,
				C5252032258C3F1100793392 /* Client.swift */,
				C5252031258C3F1000793392 /* Date+Extension.swift */,
				C5252055258C3F1400793392 /* DatePicker.swift */,
				C5252063258C3F1500793392 /* Defaults.swift */,
				C5252046258C3F1300793392 /* Defines.swift */,
				C5252030258C3F1000793392 /* HistTestSlop.swift */,
				C5252047258C3F1300793392 /* LDTipAlertView.h */,
				C5252026258C3F1000793392 /* LDTipAlertView.m */,
				C5252062258C3F1500793392 /* MBProgressHUD+ITTAdditions.h */,
				C525202F258C3F1000793392 /* MBProgressHUD+ITTAdditions.m */,
				C5252039258C3F1100793392 /* UITableView+Extension.swift */,
				C5252061258C3F1500793392 /* UIViewController+Extension.swift */,
				C59470B925B5187D009C1F35 /* GameDecorateConfig.swift */,
				C50E129B25BEA642008321FC /* GameUserInfoConfig.swift */,
			);
			path = Util;
			sourceTree = "<group>";
		};
		C525203A258C3F1100793392 /* UIColor */ = {
			isa = PBXGroup;
			children = (
				C554AC4025B13AF3000CB32B /* SwiftHEXColors.swift */,
				C525203B258C3F1100793392 /* UIColor+Create.swift */,
			);
			path = UIColor;
			sourceTree = "<group>";
		};
		C52520CF258C824900793392 /* 2048 */ = {
			isa = PBXGroup;
			children = (
				C52520D0258C825500793392 /* AuxiliaryModels.swift */,
				C52520D1258C825500793392 /* GameModel.swift */,
			);
			path = 2048;
			sourceTree = "<group>";
		};
		C52520D5258C826300793392 /* ShuHe */ = {
			isa = PBXGroup;
			children = (
				C59470C525B52228009C1F35 /* CDFlowLayout.swift */,
				C59470C625B52229009C1F35 /* CDViewCell.swift */,
				C52520DD258C829D00793392 /* AppearanceProvider.swift */,
				C52520D6258C827300793392 /* GameboardView.swift */,
				C52520D7258C827300793392 /* TileView.swift */,
			);
			path = ShuHe;
			sourceTree = "<group>";
		};
		C56017AF25C3A8EE004842C6 /* Sounds */ = {
			isa = PBXGroup;
			children = (
				C56017B025C3A8EE004842C6 /* win.mp3 */,
				C56017B125C3A8EE004842C6 /* falldown.mp3 */,
				C56017B225C3A8EE004842C6 /* bomb.mp3 */,
			);
			path = Sounds;
			sourceTree = "<group>";
		};
		C56017B725C3A907004842C6 /* Data Assets */ = {
			isa = PBXGroup;
			children = (
				C56017B825C3A907004842C6 /* Fruit */,
				C56017C425C3A907004842C6 /* number */,
			);
			path = "Data Assets";
			sourceTree = "<group>";
		};
		C56017B825C3A907004842C6 /* Fruit */ = {
			isa = PBXGroup;
			children = (
				C56017B925C3A907004842C6 /* peach.png */,
				C56017BA25C3A907004842C6 /* pineapple.png */,
				C56017BB25C3A907004842C6 /* tomato.png */,
				C56017BC25C3A907004842C6 /* grape.png */,
				C56017BD25C3A907004842C6 /* watermelon.png */,
				C56017BE25C3A907004842C6 /* cherry.png */,
				C56017BF25C3A907004842C6 /* orange.png */,
				C56017C025C3A907004842C6 /* cocount.png */,
				C56017C125C3A907004842C6 /* lemon.png */,
				C56017C225C3A907004842C6 /* kiwi.png */,
				C56017C325C3A907004842C6 /* halfwatermelon.png */,
			);
			path = Fruit;
			sourceTree = "<group>";
		};
		C56017C425C3A907004842C6 /* number */ = {
			isa = PBXGroup;
			children = (
				C56017C525C3A908004842C6 /* 8.png */,
				C56017C625C3A908004842C6 /* 9.png */,
				C56017C725C3A908004842C6 /* 4.png */,
				C56017C825C3A908004842C6 /* 5.png */,
				C56017C925C3A908004842C6 /* 7.png */,
				C56017CA25C3A908004842C6 /* 6.png */,
				C56017CB25C3A908004842C6 /* 2.png */,
				C56017CC25C3A908004842C6 /* 3.png */,
				C56017CD25C3A908004842C6 /* 1.png */,
				C56017CE25C3A908004842C6 /* 0.png */,
			);
			path = number;
			sourceTree = "<group>";
		};
/* End PBXGroup section */

/* Begin PBXNativeTarget section */
		C5251FD8258C36AC00793392 /* JuWan */ = {
			isa = PBXNativeTarget;
			buildConfigurationList = C5251FED258C36B000793392 /* Build configuration list for PBXNativeTarget "JuWan" */;
			buildPhases = (
				EEA0D7BCCB85596A36ABE342 /* [CP] Check Pods Manifest.lock */,
				C5251FD5258C36AC00793392 /* Sources */,
				C5251FD6258C36AC00793392 /* Frameworks */,
				C5251FD7258C36AC00793392 /* Resources */,
				3DFAED6085B216C2DB758B59 /* [CP] Copy Pods Resources */,
			);
			buildRules = (
			);
			dependencies = (
			);
			name = JuWan;
			productName = JuWan;
			productReference = C5251FD9258C36AC00793392 /* JuWan.app */;
			productType = "com.apple.product-type.application";
		};
/* End PBXNativeTarget section */

/* Begin PBXProject section */
		C5251FD1258C36AC00793392 /* Project object */ = {
			isa = PBXProject;
			attributes = {
				LastSwiftUpdateCheck = 1220;
				LastUpgradeCheck = 1220;
				TargetAttributes = {
					C5251FD8258C36AC00793392 = {
						CreatedOnToolsVersion = 12.2;
						LastSwiftMigration = 1220;
					};
				};
			};
			buildConfigurationList = C5251FD4258C36AC00793392 /* Build configuration list for PBXProject "JuWan" */;
			compatibilityVersion = "Xcode 9.3";
			developmentRegion = en;
			hasScannedForEncodings = 0;
			knownRegions = (
				en,
				Base,
			);
			mainGroup = C5251FD0258C36AC00793392;
			productRefGroup = C5251FDA258C36AC00793392 /* Products */;
			projectDirPath = "";
			projectRoot = "";
			targets = (
				C5251FD8258C36AC00793392 /* JuWan */,
			);
		};
/* End PBXProject section */

/* Begin PBXResourcesBuildPhase section */
		C5251FD7258C36AC00793392 /* Resources */ = {
			isa = PBXResourcesBuildPhase;
			buildActionMask = 2147483647;
			files = (
				C56017E825C3A908004842C6 /* 6.png in Resources */,
				C56017B325C3A8EE004842C6 /* win.mp3 in Resources */,
				C56017E625C3A908004842C6 /* 5.png in Resources */,
				C56017EA25C3A908004842C6 /* 3.png in Resources */,
				C56017EB25C3A908004842C6 /* 1.png in Resources */,
				C56017DF25C3A908004842C6 /* cocount.png in Resources */,
				C56017E925C3A908004842C6 /* 2.png in Resources */,
				C56017E725C3A908004842C6 /* 7.png in Resources */,
				C56017DC25C3A908004842C6 /* watermelon.png in Resources */,
				C56017E425C3A908004842C6 /* 9.png in Resources */,
				C56017EC25C3A908004842C6 /* 0.png in Resources */,
				C56017DA25C3A908004842C6 /* tomato.png in Resources */,
				C56017DD25C3A908004842C6 /* cherry.png in Resources */,
				C56017B525C3A8EE004842C6 /* bomb.mp3 in Resources */,
				C56017DE25C3A908004842C6 /* orange.png in Resources */,
				C56017DB25C3A908004842C6 /* grape.png in Resources */,
				C56017E325C3A908004842C6 /* 8.png in Resources */,
				C56017B425C3A8EE004842C6 /* falldown.mp3 in Resources */,
				C5251FE9258C36B000793392 /* LaunchScreen.storyboard in Resources */,
				C56017D925C3A908004842C6 /* pineapple.png in Resources */,
				C56017E525C3A908004842C6 /* 4.png in Resources */,
				C56017E125C3A908004842C6 /* kiwi.png in Resources */,
				C56017E025C3A908004842C6 /* lemon.png in Resources */,
				C5251FE6258C36B000793392 /* Assets.xcassets in Resources */,
				C56017E225C3A908004842C6 /* halfwatermelon.png in Resources */,
				C56017D825C3A908004842C6 /* peach.png in Resources */,
			);
			runOnlyForDeploymentPostprocessing = 0;
		};
/* End PBXResourcesBuildPhase section */

/* Begin PBXShellScriptBuildPhase section */
		3DFAED6085B216C2DB758B59 /* [CP] Copy Pods Resources */ = {
			isa = PBXShellScriptBuildPhase;
			buildActionMask = 2147483647;
			files = (
			);
			inputFileListPaths = (
				"${PODS_ROOT}/Target Support Files/Pods-JuWan/Pods-JuWan-resources-${CONFIGURATION}-input-files.xcfilelist",
			);
			name = "[CP] Copy Pods Resources";
			outputFileListPaths = (
				"${PODS_ROOT}/Target Support Files/Pods-JuWan/Pods-JuWan-resources-${CONFIGURATION}-output-files.xcfilelist",
			);
			runOnlyForDeploymentPostprocessing = 0;
			shellPath = /bin/sh;
			shellScript = "\"${PODS_ROOT}/Target Support Files/Pods-JuWan/Pods-JuWan-resources.sh\"\n";
			showEnvVarsInLog = 0;
		};
		EEA0D7BCCB85596A36ABE342 /* [CP] Check Pods Manifest.lock */ = {
			isa = PBXShellScriptBuildPhase;
			buildActionMask = 2147483647;
			files = (
			);
			inputFileListPaths = (
			);
			inputPaths = (
				"${PODS_PODFILE_DIR_PATH}/Podfile.lock",
				"${PODS_ROOT}/Manifest.lock",
			);
			name = "[CP] Check Pods Manifest.lock";
			outputFileListPaths = (
			);
			outputPaths = (
				"$(DERIVED_FILE_DIR)/Pods-JuWan-checkManifestLockResult.txt",
			);
			runOnlyForDeploymentPostprocessing = 0;
			shellPath = /bin/sh;
			shellScript = "diff \"${PODS_PODFILE_DIR_PATH}/Podfile.lock\" \"${PODS_ROOT}/Manifest.lock\" > /dev/null\nif [ $? != 0 ] ; then\n    # print error to STDERR\n    echo \"error: The sandbox is not in sync with the Podfile.lock. Run 'pod install' or update your CocoaPods installation.\" >&2\n    exit 1\nfi\n# This output is used by Xcode 'outputs' to avoid re-running this script phase.\necho \"SUCCESS\" > \"${SCRIPT_OUTPUT_FILE_0}\"\n";
			showEnvVarsInLog = 0;
		};
/* End PBXShellScriptBuildPhase section */

/* Begin PBXSourcesBuildPhase section */
		C5251FD5258C36AC00793392 /* Sources */ = {
			isa = PBXSourcesBuildPhase;
			buildActionMask = 2147483647;
			files = (
				C56017AB25C3A892004842C6 /* FruitTexture.swift in Sources */,
				C52520DE258C829D00793392 /* AppearanceProvider.swift in Sources */,
				C5252088258C3F1500793392 /* UIColor+Create.swift in Sources */,
				C52520D2258C825500793392 /* AuxiliaryModels.swift in Sources */,
				C56017AA25C3A892004842C6 /* AudioUtil.swift in Sources */,
				C59470CB25B52308009C1F35 /* Game2048ThemeSettingViewController.swift in Sources */,
				C5252090258C3F1500793392 /* Defines.swift in Sources */,
				C5252083258C3F1500793392 /* Date+Extension.swift in Sources */,
				C52520A1258C3F1500793392 /* Defaults.swift in Sources */,
				C50E129F25BEB3B8008321FC /* BPYWebViewController.swift in Sources */,
				C554AC4125B13AF3000CB32B /* SwiftHEXColors.swift in Sources */,
				C54A1D7A25C7913D007A23A0 /* MainViewController.swift in Sources */,
				C5252097258C3F1500793392 /* DatePicker.swift in Sources */,
				C5252084258C3F1500793392 /* Client.swift in Sources */,
				C56017A325C3A86A004842C6 /* ContentView.swift in Sources */,
				C5252082258C3F1500793392 /* HistTestSlop.swift in Sources */,
				C54A1D7E25C79841007A23A0 /* WatermelonViewController.swift in Sources */,
				C52520A0258C3F1500793392 /* UIViewController+Extension.swift in Sources */,
				C5252081258C3F1500793392 /* MBProgressHUD+ITTAdditions.m in Sources */,
				C52520D9258C827400793392 /* GameboardView.swift in Sources */,
				C5251FDD258C36AC00793392 /* AppDelegate.swift in Sources */,
				C5BFF92A25AE8AF800C66424 /* RankListTableViewCell.swift in Sources */,
				C59470C825B52229009C1F35 /* CDViewCell.swift in Sources */,
				C59470C725B52229009C1F35 /* CDFlowLayout.swift in Sources */,
				C56017A925C3A892004842C6 /* GameScene.swift in Sources */,
				C57F72B825B1494A00FC0198 /* UserViewController.swift in Sources */,
				C52520D3258C825500793392 /* GameModel.swift in Sources */,
				C523503525B91EFA005B637B /* Game2048ThemeDialViewController.swift in Sources */,
				C5252016258C3EC200793392 /* XZNavigationController.swift in Sources */,
				C560179625C25C99004842C6 /* WithoutAuthorizationView.swift in Sources */,
				C59470BA25B5187D009C1F35 /* GameDecorateConfig.swift in Sources */,
				C525207D258C3F1500793392 /* LDTipAlertView.m in Sources */,
				C54A1D8225C79BA7007A23A0 /* PlayWatermelonViewController.swift in Sources */,
				C50E129C25BEA642008321FC /* GameUserInfoConfig.swift in Sources */,
				C5251FDF258C36AC00793392 /* SceneDelegate.swift in Sources */,
				C56017AC25C3A892004842C6 /* FruitSlot.swift in Sources */,
				C52520E4258C853B00793392 /* Play2048ViewController.swift in Sources */,
				C5252013258C3E7E00793392 /* HomeViewController.swift in Sources */,
				C5252087258C3F1500793392 /* UITableView+Extension.swift in Sources */,
				C560179925C2629C004842C6 /* HelpViewController.swift in Sources */,
				C52520DA258C827400793392 /* TileView.swift in Sources */,
				C57F72BB25B14AB700FC0198 /* LeftTitleTableViewCell.swift in Sources */,
				C52520CC258C7A0B00793392 /* HomeCardView.swift in Sources */,
			);
			runOnlyForDeploymentPostprocessing = 0;
		};
/* End PBXSourcesBuildPhase section */

/* Begin PBXVariantGroup section */
		C5251FE7258C36B000793392 /* LaunchScreen.storyboard */ = {
			isa = PBXVariantGroup;
			children = (
				C5251FE8258C36B000793392 /* Base */,
			);
			name = LaunchScreen.storyboard;
			sourceTree = "<group>";
		};
/* End PBXVariantGroup section */

/* Begin XCBuildConfiguration section */
		C5251FEB258C36B000793392 /* Debug */ = {
			isa = XCBuildConfiguration;
			buildSettings = {
				ALWAYS_SEARCH_USER_PATHS = NO;
				CLANG_ANALYZER_NONNULL = YES;
				CLANG_ANALYZER_NUMBER_OBJECT_CONVERSION = YES_AGGRESSIVE;
				CLANG_CXX_LANGUAGE_STANDARD = "gnu++14";
				CLANG_CXX_LIBRARY = "libc++";
				CLANG_ENABLE_MODULES = YES;
				CLANG_ENABLE_OBJC_ARC = YES;
				CLANG_ENABLE_OBJC_WEAK = YES;
				CLANG_WARN_BLOCK_CAPTURE_AUTORELEASING = YES;
				CLANG_WARN_BOOL_CONVERSION = YES;
				CLANG_WARN_COMMA = YES;
				CLANG_WARN_CONSTANT_CONVERSION = YES;
				CLANG_WARN_DEPRECATED_OBJC_IMPLEMENTATIONS = YES;
				CLANG_WARN_DIRECT_OBJC_ISA_USAGE = YES_ERROR;
				CLANG_WARN_DOCUMENTATION_COMMENTS = YES;
				CLANG_WARN_EMPTY_BODY = YES;
				CLANG_WARN_ENUM_CONVERSION = YES;
				CLANG_WARN_INFINITE_RECURSION = YES;
				CLANG_WARN_INT_CONVERSION = YES;
				CLANG_WARN_NON_LITERAL_NULL_CONVERSION = YES;
				CLANG_WARN_OBJC_IMPLICIT_RETAIN_SELF = YES;
				CLANG_WARN_OBJC_LITERAL_CONVERSION = YES;
				CLANG_WARN_OBJC_ROOT_CLASS = YES_ERROR;
				CLANG_WARN_QUOTED_INCLUDE_IN_FRAMEWORK_HEADER = YES;
				CLANG_WARN_RANGE_LOOP_ANALYSIS = YES;
				CLANG_WARN_STRICT_PROTOTYPES = YES;
				CLANG_WARN_SUSPICIOUS_MOVE = YES;
				CLANG_WARN_UNGUARDED_AVAILABILITY = YES_AGGRESSIVE;
				CLANG_WARN_UNREACHABLE_CODE = YES;
				CLANG_WARN__DUPLICATE_METHOD_MATCH = YES;
				COPY_PHASE_STRIP = NO;
				DEBUG_INFORMATION_FORMAT = dwarf;
				ENABLE_STRICT_OBJC_MSGSEND = YES;
				ENABLE_TESTABILITY = YES;
				GCC_C_LANGUAGE_STANDARD = gnu11;
				GCC_DYNAMIC_NO_PIC = NO;
				GCC_NO_COMMON_BLOCKS = YES;
				GCC_OPTIMIZATION_LEVEL = 0;
				GCC_PREPROCESSOR_DEFINITIONS = (
					"DEBUG=1",
					"$(inherited)",
				);
				GCC_WARN_64_TO_32_BIT_CONVERSION = YES;
				GCC_WARN_ABOUT_RETURN_TYPE = YES_ERROR;
				GCC_WARN_UNDECLARED_SELECTOR = YES;
				GCC_WARN_UNINITIALIZED_AUTOS = YES_AGGRESSIVE;
				GCC_WARN_UNUSED_FUNCTION = YES;
				GCC_WARN_UNUSED_VARIABLE = YES;
				IPHONEOS_DEPLOYMENT_TARGET = 14.2;
				MTL_ENABLE_DEBUG_INFO = INCLUDE_SOURCE;
				MTL_FAST_MATH = YES;
				ONLY_ACTIVE_ARCH = YES;
				SDKROOT = iphoneos;
				SWIFT_ACTIVE_COMPILATION_CONDITIONS = DEBUG;
				SWIFT_OPTIMIZATION_LEVEL = "-Onone";
			};
			name = Debug;
		};
		C5251FEC258C36B000793392 /* Release */ = {
			isa = XCBuildConfiguration;
			buildSettings = {
				ALWAYS_SEARCH_USER_PATHS = NO;
				CLANG_ANALYZER_NONNULL = YES;
				CLANG_ANALYZER_NUMBER_OBJECT_CONVERSION = YES_AGGRESSIVE;
				CLANG_CXX_LANGUAGE_STANDARD = "gnu++14";
				CLANG_CXX_LIBRARY = "libc++";
				CLANG_ENABLE_MODULES = YES;
				CLANG_ENABLE_OBJC_ARC = YES;
				CLANG_ENABLE_OBJC_WEAK = YES;
				CLANG_WARN_BLOCK_CAPTURE_AUTORELEASING = YES;
				CLANG_WARN_BOOL_CONVERSION = YES;
				CLANG_WARN_COMMA = YES;
				CLANG_WARN_CONSTANT_CONVERSION = YES;
				CLANG_WARN_DEPRECATED_OBJC_IMPLEMENTATIONS = YES;
				CLANG_WARN_DIRECT_OBJC_ISA_USAGE = YES_ERROR;
				CLANG_WARN_DOCUMENTATION_COMMENTS = YES;
				CLANG_WARN_EMPTY_BODY = YES;
				CLANG_WARN_ENUM_CONVERSION = YES;
				CLANG_WARN_INFINITE_RECURSION = YES;
				CLANG_WARN_INT_CONVERSION = YES;
				CLANG_WARN_NON_LITERAL_NULL_CONVERSION = YES;
				CLANG_WARN_OBJC_IMPLICIT_RETAIN_SELF = YES;
				CLANG_WARN_OBJC_LITERAL_CONVERSION = YES;
				CLANG_WARN_OBJC_ROOT_CLASS = YES_ERROR;
				CLANG_WARN_QUOTED_INCLUDE_IN_FRAMEWORK_HEADER = YES;
				CLANG_WARN_RANGE_LOOP_ANALYSIS = YES;
				CLANG_WARN_STRICT_PROTOTYPES = YES;
				CLANG_WARN_SUSPICIOUS_MOVE = YES;
				CLANG_WARN_UNGUARDED_AVAILABILITY = YES_AGGRESSIVE;
				CLANG_WARN_UNREACHABLE_CODE = YES;
				CLANG_WARN__DUPLICATE_METHOD_MATCH = YES;
				COPY_PHASE_STRIP = NO;
				DEBUG_INFORMATION_FORMAT = "dwarf-with-dsym";
				ENABLE_NS_ASSERTIONS = NO;
				ENABLE_STRICT_OBJC_MSGSEND = YES;
				GCC_C_LANGUAGE_STANDARD = gnu11;
				GCC_NO_COMMON_BLOCKS = YES;
				GCC_WARN_64_TO_32_BIT_CONVERSION = YES;
				GCC_WARN_ABOUT_RETURN_TYPE = YES_ERROR;
				GCC_WARN_UNDECLARED_SELECTOR = YES;
				GCC_WARN_UNINITIALIZED_AUTOS = YES_AGGRESSIVE;
				GCC_WARN_UNUSED_FUNCTION = YES;
				GCC_WARN_UNUSED_VARIABLE = YES;
				IPHONEOS_DEPLOYMENT_TARGET = 14.2;
				MTL_ENABLE_DEBUG_INFO = NO;
				MTL_FAST_MATH = YES;
				SDKROOT = iphoneos;
				SWIFT_COMPILATION_MODE = wholemodule;
				SWIFT_OPTIMIZATION_LEVEL = "-O";
				VALIDATE_PRODUCT = YES;
			};
			name = Release;
		};
		C5251FEE258C36B000793392 /* Debug */ = {
			isa = XCBuildConfiguration;
			baseConfigurationReference = A8C27D339610B69BB212B42A /* Pods-JuWan.debug.xcconfig */;
			buildSettings = {
				ASSETCATALOG_COMPILER_APPICON_NAME = AppIcon;
				ASSETCATALOG_COMPILER_GLOBAL_ACCENT_COLOR_NAME = AccentColor;
				CLANG_ENABLE_MODULES = YES;
				CODE_SIGN_STYLE = Automatic;
				CURRENT_PROJECT_VERSION = 3;
				DEVELOPMENT_TEAM = 6JC78V6G2N;
				FRAMEWORK_SEARCH_PATHS = (
					"$(inherited)",
					"$(PROJECT_DIR)/Util/ATAuthSDK",
				);
				INFOPLIST_FILE = JuWan/Info.plist;
				IPHONEOS_DEPLOYMENT_TARGET = 14.0;
				LD_RUNPATH_SEARCH_PATHS = (
					"$(inherited)",
					"@executable_path/Frameworks",
				);
				LIBRARY_SEARCH_PATHS = (
					"$(inherited)",
					"$(PROJECT_DIR)/Util/WechtSDK",
				);
				MARKETING_VERSION = 1.0.0;
				OTHER_LDFLAGS = (
					"$(inherited)",
					"-ObjC",
					"-l\"GoogleUtilities\"",
					"-l\"KVOController\"",
					"-l\"MBProgressHUD\"",
					"-l\"MJRefresh\"",
					"-l\"PromisesObjC\"",
					"-l\"SDWebImage\"",
					"-l\"SnapKit\"",
					"-l\"SwiftyStoreKit\"",
					"-l\"c++\"",
					"-l\"nanopb\"",
					"-l\"sqlite3\"",
					"-l\"z\"",
					"-framework",
					"\"AVFoundation\"",
					"-framework",
					"\"AudioToolbox\"",
					"-framework",
					"\"CFNetwork\"",
					"-framework",
					"\"CoreGraphics\"",
					"-framework",
					"\"CoreMedia\"",
					"-framework",
					"\"CoreTelephony\"",
					"-framework",
					"\"CoreVideo\"",
					"-framework",
					"\"GoogleAppMeasurement\"",
					"-framework",
					"\"GoogleMobileAds\"",
					"-framework",
					"\"ImageIO\"",
					"-framework",
					"\"MediaPlayer\"",
					"-framework",
					"\"MessageUI\"",
					"-framework",
					"\"MobileCoreServices\"",
					"-framework",
					"\"QuartzCore\"",
					"-framework",
					"\"Security\"",
					"-framework",
					"\"StoreKit\"",
					"-framework",
					"\"SystemConfiguration\"",
					"-framework",
					"\"UserMessagingPlatform\"",
					"-framework",
					"\"WebKit\"",
					"-weak_framework",
					"\"AdSupport\"",
					"-weak_framework",
					"\"JavaScriptCore\"",
					"-weak_framework",
					"\"SafariServices\"",
					"-weak_framework",
					"\"WebKit\"",
				);
				PRODUCT_BUNDLE_IDENTIFIER = com.xuzhou.JuWan;
				PRODUCT_NAME = "$(TARGET_NAME)";
				SWIFT_OBJC_BRIDGING_HEADER = "JuWan/JuWan-Bridging-Header.h";
				SWIFT_OPTIMIZATION_LEVEL = "-Onone";
				SWIFT_VERSION = 5.0;
				TARGETED_DEVICE_FAMILY = 1;
			};
			name = Debug;
		};
		C5251FEF258C36B000793392 /* Release */ = {
			isa = XCBuildConfiguration;
			baseConfigurationReference = 7C1EC16AE261FC9A43693EFE /* Pods-JuWan.release.xcconfig */;
			buildSettings = {
				ASSETCATALOG_COMPILER_APPICON_NAME = AppIcon;
				ASSETCATALOG_COMPILER_GLOBAL_ACCENT_COLOR_NAME = AccentColor;
				CLANG_ENABLE_MODULES = YES;
				CODE_SIGN_STYLE = Automatic;
				CURRENT_PROJECT_VERSION = 3;
				DEVELOPMENT_TEAM = 6JC78V6G2N;
				FRAMEWORK_SEARCH_PATHS = (
					"$(inherited)",
					"$(PROJECT_DIR)/Util/ATAuthSDK",
				);
				INFOPLIST_FILE = JuWan/Info.plist;
				IPHONEOS_DEPLOYMENT_TARGET = 14.0;
				LD_RUNPATH_SEARCH_PATHS = (
					"$(inherited)",
					"@executable_path/Frameworks",
				);
				LIBRARY_SEARCH_PATHS = (
					"$(inherited)",
					"$(PROJECT_DIR)/Util/WechtSDK",
				);
				MARKETING_VERSION = 1.0.0;
				OTHER_LDFLAGS = (
					"$(inherited)",
					"-ObjC",
					"-l\"GoogleUtilities\"",
					"-l\"KVOController\"",
					"-l\"MBProgressHUD\"",
					"-l\"MJRefresh\"",
					"-l\"PromisesObjC\"",
					"-l\"SDWebImage\"",
					"-l\"SnapKit\"",
					"-l\"SwiftyStoreKit\"",
					"-l\"c++\"",
					"-l\"nanopb\"",
					"-l\"sqlite3\"",
					"-l\"z\"",
					"-framework",
					"\"AVFoundation\"",
					"-framework",
					"\"AudioToolbox\"",
					"-framework",
					"\"CFNetwork\"",
					"-framework",
					"\"CoreGraphics\"",
					"-framework",
					"\"CoreMedia\"",
					"-framework",
					"\"CoreTelephony\"",
					"-framework",
					"\"CoreVideo\"",
					"-framework",
					"\"GoogleAppMeasurement\"",
					"-framework",
					"\"GoogleMobileAds\"",
					"-framework",
					"\"ImageIO\"",
					"-framework",
					"\"MediaPlayer\"",
					"-framework",
					"\"MessageUI\"",
					"-framework",
					"\"MobileCoreServices\"",
					"-framework",
					"\"QuartzCore\"",
					"-framework",
					"\"Security\"",
					"-framework",
					"\"StoreKit\"",
					"-framework",
					"\"SystemConfiguration\"",
					"-framework",
					"\"UserMessagingPlatform\"",
					"-framework",
					"\"WebKit\"",
					"-weak_framework",
					"\"AdSupport\"",
					"-weak_framework",
					"\"JavaScriptCore\"",
					"-weak_framework",
					"\"SafariServices\"",
					"-weak_framework",
					"\"WebKit\"",
				);
				PRODUCT_BUNDLE_IDENTIFIER = com.xuzhou.JuWan;
				PRODUCT_NAME = "$(TARGET_NAME)";
				SWIFT_OBJC_BRIDGING_HEADER = "JuWan/JuWan-Bridging-Header.h";
				SWIFT_VERSION = 5.0;
				TARGETED_DEVICE_FAMILY = 1;
			};
			name = Release;
		};
/* End XCBuildConfiguration section */

/* Begin XCConfigurationList section */
		C5251FD4258C36AC00793392 /* Build configuration list for PBXProject "JuWan" */ = {
			isa = XCConfigurationList;
			buildConfigurations = (
				C5251FEB258C36B000793392 /* Debug */,
				C5251FEC258C36B000793392 /* Release */,
			);
			defaultConfigurationIsVisible = 0;
			defaultConfigurationName = Release;
		};
		C5251FED258C36B000793392 /* Build configuration list for PBXNativeTarget "JuWan" */ = {
			isa = XCConfigurationList;
			buildConfigurations = (
				C5251FEE258C36B000793392 /* Debug */,
				C5251FEF258C36B000793392 /* Release */,
			);
			defaultConfigurationIsVisible = 0;
			defaultConfigurationName = Release;
		};
/* End XCConfigurationList section */
	};
	rootObject = C5251FD1258C36AC00793392 /* Project object */;
}
